
Microsoft Visual Studio Solution File, Format Version 12.00
# Visual Studio Version 17
VisualStudioVersion = 17.11.35303.130
MinimumVisualStudioVersion = 10.0.40219.1
Project("{8BC9CEB8-8B4A-11D0-8D11-00A0C91BC942}") = "Bai3", "Bai3.vcxproj", "{E16DC7F2-3A72-4429-B8E9-CC44667CA212}"
EndProject
Global
	GlobalSection(SolutionConfigurationPlatforms) = preSolution
		Debug|x64 = Debug|x64
		Debug|x86 = Debug|x86
		Release|x64 = Release|x64
		Release|x86 = Release|x86
	EndGlobalSection
	GlobalSection(ProjectConfigurationPlatforms) = postSolution
		{E16DC7F2-3A72-4429-B8E9-CC44667CA212}.Debug|x64.ActiveCfg = Debug|x64
		{E16DC7F2-3A72-4429-B8E9-CC44667CA212}.Debug|x64.Build.0 = Debug|x64
		{E16DC7F2-3A72-4429-B8E9-CC44667CA212}.Debug|x86.ActiveCfg = Debug|Win32
		{E16DC7F2-3A72-4429-B8E9-CC44667CA212}.Debug|x86.Build.0 = Debug|Win32
		{E16DC7F2-3A72-4429-B8E9-CC44667CA212}.Release|x64.ActiveCfg = Release|x64
		{E16DC7F2-3A72-4429-B8E9-CC44667CA212}.Release|x64.Build.0 = Release|x64
		{E16DC7F2-3A72-4429-B8E9-CC44667CA212}.Release|x86.ActiveCfg = Release|Win32
		{E16DC7F2-3A72-4429-B8E9-CC44667CA212}.Release|x86.Build.0 = Release|Win32
	EndGlobalSection
	GlobalSection(SolutionProperties) = preSolution
		HideSolutionNode = FALSE
	EndGlobalSection
	GlobalSection(ExtensibilityGlobals) = postSolution
		SolutionGuid = {C15009F0-3523-469C-9658-0C6AB0D79EC1}
	EndGlobalSection
EndGlobal
